
Microsoft Visual Studio Solution File, Format Version 12.00
# Visual Studio Version 17
VisualStudioVersion = 17.14.36429.23
MinimumVisualStudioVersion = 10.0.40219.1
Project("{FAE04EC0-301F-11D3-BF4B-00C04F79EFBC}") = "LocadoraDeVeiculos.Aplicacao", "aplicacao\LocadoraDeVeiculos.Aplicacao.csproj", "{853794BF-DF5C-DE4E-E679-38A780DF3D2B}"
EndProject
Project("{FAE04EC0-301F-11D3-BF4B-00C04F79EFBC}") = "LocadoraDeVeiculos.Dominio", "dominio\LocadoraDeVeiculos.Dominio.csproj", "{51CAEE00-C01F-BB79-7019-C5907C4B6C4B}"
EndProject
Project("{FAE04EC0-301F-11D3-BF4B-00C04F79EFBC}") = "LocadoraDeVeiculos.Infraestrutura.Orm", "infra\LocadoraDeVeiculos.Infraestrutura.Orm.csproj", "{3E81EB64-43FA-788F-D46B-239515B176C9}"
EndProject
Project("{FAE04EC0-301F-11D3-BF4B-00C04F79EFBC}") = "LocadoraDeVeiculos.WebApi", "web-api\LocadoraDeVeiculos.WebApi.csproj", "{3CBD600F-3E3C-8AF6-BC09-3A8591F60AD9}"
EndProject
Project("{FAE04EC0-301F-11D3-BF4B-00C04F79EFBC}") = "LocadoraDeVeiculos.Testes.Unidade", "unidade\LocadoraDeVeiculos.Testes.Unidade.csproj", "{E7FB01BB-75F6-DD6A-CB22-3BE088D57B9E}"
EndProject
Global
	GlobalSection(SolutionConfigurationPlatforms) = preSolution
		Debug|Any CPU = Debug|Any CPU
		Release|Any CPU = Release|Any CPU
	EndGlobalSection
	GlobalSection(ProjectConfigurationPlatforms) = postSolution
		{853794BF-DF5C-DE4E-E679-38A780DF3D2B}.Debug|Any CPU.ActiveCfg = Debug|Any CPU
		{853794BF-DF5C-DE4E-E679-38A780DF3D2B}.Debug|Any CPU.Build.0 = Debug|Any CPU
		{853794BF-DF5C-DE4E-E679-38A780DF3D2B}.Release|Any CPU.ActiveCfg = Release|Any CPU
		{853794BF-DF5C-DE4E-E679-38A780DF3D2B}.Release|Any CPU.Build.0 = Release|Any CPU
		{51CAEE00-C01F-BB79-7019-C5907C4B6C4B}.Debug|Any CPU.ActiveCfg = Debug|Any CPU
		{51CAEE00-C01F-BB79-7019-C5907C4B6C4B}.Debug|Any CPU.Build.0 = Debug|Any CPU
		{51CAEE00-C01F-BB79-7019-C5907C4B6C4B}.Release|Any CPU.ActiveCfg = Release|Any CPU
		{51CAEE00-C01F-BB79-7019-C5907C4B6C4B}.Release|Any CPU.Build.0 = Release|Any CPU
		{3E81EB64-43FA-788F-D46B-239515B176C9}.Debug|Any CPU.ActiveCfg = Debug|Any CPU
		{3E81EB64-43FA-788F-D46B-239515B176C9}.Debug|Any CPU.Build.0 = Debug|Any CPU
		{3E81EB64-43FA-788F-D46B-239515B176C9}.Release|Any CPU.ActiveCfg = Release|Any CPU
		{3E81EB64-43FA-788F-D46B-239515B176C9}.Release|Any CPU.Build.0 = Release|Any CPU
		{3CBD600F-3E3C-8AF6-BC09-3A8591F60AD9}.Debug|Any CPU.ActiveCfg = Debug|Any CPU
		{3CBD600F-3E3C-8AF6-BC09-3A8591F60AD9}.Debug|Any CPU.Build.0 = Debug|Any CPU
		{3CBD600F-3E3C-8AF6-BC09-3A8591F60AD9}.Release|Any CPU.ActiveCfg = Release|Any CPU
		{3CBD600F-3E3C-8AF6-BC09-3A8591F60AD9}.Release|Any CPU.Build.0 = Release|Any CPU
		{E7FB01BB-75F6-DD6A-CB22-3BE088D57B9E}.Debug|Any CPU.ActiveCfg = Debug|Any CPU
		{E7FB01BB-75F6-DD6A-CB22-3BE088D57B9E}.Debug|Any CPU.Build.0 = Debug|Any CPU
		{E7FB01BB-75F6-DD6A-CB22-3BE088D57B9E}.Release|Any CPU.ActiveCfg = Release|Any CPU
		{E7FB01BB-75F6-DD6A-CB22-3BE088D57B9E}.Release|Any CPU.Build.0 = Release|Any CPU
	EndGlobalSection
	GlobalSection(SolutionProperties) = preSolution
		HideSolutionNode = FALSE
	EndGlobalSection
	GlobalSection(ExtensibilityGlobals) = postSolution
		SolutionGuid = {31972BAC-CB1A-4A34-8C05-55E0E29DEA6B}
	EndGlobalSection
EndGlobal
